
Microsoft Visual Studio Solution File, Format Version 12.00
# Visual Studio Version 17
VisualStudioVersion = 17.8.34511.84
MinimumVisualStudioVersion = 10.0.40219.1
Project("{FAE04EC0-301F-11D3-BF4B-00C04F79EFBC}") = "sffair_ComS437IndvProject1", "sffair_ComS437IndvProject1\sffair_ComS437IndvProject1.csproj", "{A7D3F537-344F-4824-A118-3DF101EC9C4D}"
EndProject
Global
	GlobalSection(SolutionConfigurationPlatforms) = preSolution
		Debug|Any CPU = Debug|Any CPU
		Release|Any CPU = Release|Any CPU
	EndGlobalSection
	GlobalSection(ProjectConfigurationPlatforms) = postSolution
		{A7D3F537-344F-4824-A118-3DF101EC9C4D}.Debug|Any CPU.ActiveCfg = Debug|Any CPU
		{A7D3F537-344F-4824-A118-3DF101EC9C4D}.Debug|Any CPU.Build.0 = Debug|Any CPU
		{A7D3F537-344F-4824-A118-3DF101EC9C4D}.Release|Any CPU.ActiveCfg = Release|Any CPU
		{A7D3F537-344F-4824-A118-3DF101EC9C4D}.Release|Any CPU.Build.0 = Release|Any CPU
	EndGlobalSection
	GlobalSection(SolutionProperties) = preSolution
		HideSolutionNode = FALSE
	EndGlobalSection
	GlobalSection(ExtensibilityGlobals) = postSolution
		SolutionGuid = {8F173F8D-BDBA-453E-834C-3F8FD35133C2}
	EndGlobalSection
EndGlobal
